
Microsoft Visual Studio Solution File, Format Version 12.00
# Visual Studio 15
VisualStudioVersion = 15.0.28010.2050
MinimumVisualStudioVersion = 10.0.40219.1
Project("{FAE04EC0-301F-11D3-BF4B-00C04F79EFBC}") = "CodeSnippet", "CodeSnippet\CodeSnippet.csproj", "{5C38AFDA-ECB2-47D8-89DC-3B7DDEEF722C}"
EndProject
Project("{FAE04EC0-301F-11D3-BF4B-00C04F79EFBC}") = "CodeSnippetNet", "CodeSnippetNet\CodeSnippetNet.csproj", "{ECB8F1BB-C017-42E4-A755-7FEF3006D611}"
EndProject
Global
	GlobalSection(SolutionConfigurationPlatforms) = preSolution
		Debug|Any CPU = Debug|Any CPU
		Release|Any CPU = Release|Any CPU
	EndGlobalSection
	GlobalSection(ProjectConfigurationPlatforms) = postSolution
		{5C38AFDA-ECB2-47D8-89DC-3B7DDEEF722C}.Debug|Any CPU.ActiveCfg = Debug|Any CPU
		{5C38AFDA-ECB2-47D8-89DC-3B7DDEEF722C}.Debug|Any CPU.Build.0 = Debug|Any CPU
		{5C38AFDA-ECB2-47D8-89DC-3B7DDEEF722C}.Release|Any CPU.ActiveCfg = Release|Any CPU
		{5C38AFDA-ECB2-47D8-89DC-3B7DDEEF722C}.Release|Any CPU.Build.0 = Release|Any CPU
		{ECB8F1BB-C017-42E4-A755-7FEF3006D611}.Debug|Any CPU.ActiveCfg = Debug|Any CPU
		{ECB8F1BB-C017-42E4-A755-7FEF3006D611}.Debug|Any CPU.Build.0 = Debug|Any CPU
		{ECB8F1BB-C017-42E4-A755-7FEF3006D611}.Release|Any CPU.ActiveCfg = Release|Any CPU
		{ECB8F1BB-C017-42E4-A755-7FEF3006D611}.Release|Any CPU.Build.0 = Release|Any CPU
	EndGlobalSection
	GlobalSection(SolutionProperties) = preSolution
		HideSolutionNode = FALSE
	EndGlobalSection
	GlobalSection(ExtensibilityGlobals) = postSolution
		SolutionGuid = {B2D63C73-6D3E-414D-8A54-E23150DBB249}
	EndGlobalSection
EndGlobal
